// !$*UTF8*$!
{
	archiveVersion = 1;
	classes = {
	};
	objectVersion = 46;
	objects = {

/* Begin PBXBuildFile section */
		9C866090C2403E31287D59BD /* Pods_Instagram.framework in Frameworks */ = {isa = PBXBuildFile; fileRef = 54FAA512857700BE95701B4F /* Pods_Instagram.framework */; };
		A438BDA21EFDB0770038C3EF /* GoogleService-Info.plist in Resources */ = {isa = PBXBuildFile; fileRef = A438BDA11EFDB0770038C3EF /* GoogleService-Info.plist */; };
		A4585CBE1E915A0C004A7171 /* FancyView.swift in Sources */ = {isa = PBXBuildFile; fileRef = A4585CBD1E915A0C004A7171 /* FancyView.swift */; };
		A4585CC01E915BAB004A7171 /* RoundedBtn.swift in Sources */ = {isa = PBXBuildFile; fileRef = A4585CBF1E915BAB004A7171 /* RoundedBtn.swift */; };
		A4AD9F411EB6F5710076D3C4 /* DataServices.swift in Sources */ = {isa = PBXBuildFile; fileRef = A4AD9F401EB6F5710076D3C4 /* DataServices.swift */; };
		A4AD9F431EB7142A0076D3C4 /* Posts.swift in Sources */ = {isa = PBXBuildFile; fileRef = A4AD9F421EB7142A0076D3C4 /* Posts.swift */; };
		A4B1FB001ED8B7D500BFF3C2 /* ProfileVC.swift in Sources */ = {isa = PBXBuildFile; fileRef = A4B1FAFF1ED8B7D500BFF3C2 /* ProfileVC.swift */; };
		A4C2E3031E91382C001D9A4C /* AppDelegate.swift in Sources */ = {isa = PBXBuildFile; fileRef = A4C2E3021E91382C001D9A4C /* AppDelegate.swift */; };
		A4C2E3051E91382C001D9A4C /* ViewController.swift in Sources */ = {isa = PBXBuildFile; fileRef = A4C2E3041E91382C001D9A4C /* ViewController.swift */; };
		A4C2E3081E91382C001D9A4C /* Main.storyboard in Resources */ = {isa = PBXBuildFile; fileRef = A4C2E3061E91382C001D9A4C /* Main.storyboard */; };
		A4C2E30A1E91382C001D9A4C /* Assets.xcassets in Resources */ = {isa = PBXBuildFile; fileRef = A4C2E3091E91382C001D9A4C /* Assets.xcassets */; };
		A4C2E30D1E91382C001D9A4C /* LaunchScreen.storyboard in Resources */ = {isa = PBXBuildFile; fileRef = A4C2E30B1E91382C001D9A4C /* LaunchScreen.storyboard */; };
		A4CB025A1EA0AF620065E9B0 /* NewsFeed.swift in Sources */ = {isa = PBXBuildFile; fileRef = A4CB02591EA0AF620065E9B0 /* NewsFeed.swift */; };
		A4CE33CE1EACBC9E009C48FC /* PostCell.swift in Sources */ = {isa = PBXBuildFile; fileRef = A4CE33CD1EACBC9E009C48FC /* PostCell.swift */; };
		A4D8E3B71EB88F1800727331 /* RoundedImageVIew.swift in Sources */ = {isa = PBXBuildFile; fileRef = A4D8E3B61EB88F1800727331 /* RoundedImageVIew.swift */; };
/* End PBXBuildFile section */

/* Begin PBXFileReference section */
		54FAA512857700BE95701B4F /* Pods_Instagram.framework */ = {isa = PBXFileReference; explicitFileType = wrapper.framework; includeInIndex = 0; path = Pods_Instagram.framework; sourceTree = BUILT_PRODUCTS_DIR; };
		A438BDA11EFDB0770038C3EF /* GoogleService-Info.plist */ = {isa = PBXFileReference; fileEncoding = 4; lastKnownFileType = text.plist.xml; path = "GoogleService-Info.plist"; sourceTree = "<group>"; };
		A4585CBD1E915A0C004A7171 /* FancyView.swift */ = {isa = PBXFileReference; fileEncoding = 4; lastKnownFileType = sourcecode.swift; path = FancyView.swift; sourceTree = "<group>"; };
		A4585CBF1E915BAB004A7171 /* RoundedBtn.swift */ = {isa = PBXFileReference; fileEncoding = 4; lastKnownFileType = sourcecode.swift; path = RoundedBtn.swift; sourceTree = "<group>"; };
		A4585CC11E916BA9004A7171 /* Instagram.entitlements */ = {isa = PBXFileReference; lastKnownFileType = text.plist.entitlements; path = Instagram.entitlements; sourceTree = "<group>"; };
		A4AD9F401EB6F5710076D3C4 /* DataServices.swift */ = {isa = PBXFileReference; fileEncoding = 4; lastKnownFileType = sourcecode.swift; path = DataServices.swift; sourceTree = "<group>"; };
		A4AD9F421EB7142A0076D3C4 /* Posts.swift */ = {isa = PBXFileReference; fileEncoding = 4; lastKnownFileType = sourcecode.swift; path = Posts.swift; sourceTree = "<group>"; };
		A4B1FAFF1ED8B7D500BFF3C2 /* ProfileVC.swift */ = {isa = PBXFileReference; fileEncoding = 4; lastKnownFileType = sourcecode.swift; path = ProfileVC.swift; sourceTree = "<group>"; };
		A4C2E2FF1E91382C001D9A4C /* Instagram.app */ = {isa = PBXFileReference; explicitFileType = wrapper.application; includeInIndex = 0; path = Instagram.app; sourceTree = BUILT_PRODUCTS_DIR; };
		A4C2E3021E91382C001D9A4C /* AppDelegate.swift */ = {isa = PBXFileReference; lastKnownFileType = sourcecode.swift; path = AppDelegate.swift; sourceTree = "<group>"; };
		A4C2E3041E91382C001D9A4C /* ViewController.swift */ = {isa = PBXFileReference; lastKnownFileType = sourcecode.swift; path = ViewController.swift; sourceTree = "<group>"; };
		A4C2E3071E91382C001D9A4C /* Base */ = {isa = PBXFileReference; lastKnownFileType = file.storyboard; name = Base; path = Base.lproj/Main.storyboard; sourceTree = "<group>"; };
		A4C2E3091E91382C001D9A4C /* Assets.xcassets */ = {isa = PBXFileReference; lastKnownFileType = folder.assetcatalog; path = Assets.xcassets; sourceTree = "<group>"; };
		A4C2E30C1E91382C001D9A4C /* Base */ = {isa = PBXFileReference; lastKnownFileType = file.storyboard; name = Base; path = Base.lproj/LaunchScreen.storyboard; sourceTree = "<group>"; };
		A4C2E30E1E91382C001D9A4C /* Info.plist */ = {isa = PBXFileReference; lastKnownFileType = text.plist.xml; path = Info.plist; sourceTree = "<group>"; };
		A4CB02591EA0AF620065E9B0 /* NewsFeed.swift */ = {isa = PBXFileReference; fileEncoding = 4; lastKnownFileType = sourcecode.swift; path = NewsFeed.swift; sourceTree = "<group>"; };
		A4CE33CD1EACBC9E009C48FC /* PostCell.swift */ = {isa = PBXFileReference; fileEncoding = 4; lastKnownFileType = sourcecode.swift; path = PostCell.swift; sourceTree = "<group>"; };
		A4D8E3B61EB88F1800727331 /* RoundedImageVIew.swift */ = {isa = PBXFileReference; fileEncoding = 4; lastKnownFileType = sourcecode.swift; path = RoundedImageVIew.swift; sourceTree = "<group>"; };
		EF3F5532080D5A973CD5C8B7 /* Pods-Instagram.debug.xcconfig */ = {isa = PBXFileReference; includeInIndex = 1; lastKnownFileType = text.xcconfig; name = "Pods-Instagram.debug.xcconfig"; path = "Pods/Target Support Files/Pods-Instagram/Pods-Instagram.debug.xcconfig"; sourceTree = "<group>"; };
		F954F4A9AE557443060D7CCF /* Pods-Instagram.release.xcconfig */ = {isa = PBXFileReference; includeInIndex = 1; lastKnownFileType = text.xcconfig; name = "Pods-Instagram.release.xcconfig"; path = "Pods/Target Support Files/Pods-Instagram/Pods-Instagram.release.xcconfig"; sourceTree = "<group>"; };
/* End PBXFileReference section */

/* Begin PBXFrameworksBuildPhase section */
		A4C2E2FC1E91382C001D9A4C /* Frameworks */ = {
			isa = PBXFrameworksBuildPhase;
			buildActionMask = 2147483647;
			files = (
				9C866090C2403E31287D59BD /* Pods_Instagram.framework in Frameworks */,
			);
			runOnlyForDeploymentPostprocessing = 0;
		};
/* End PBXFrameworksBuildPhase section */

/* Begin PBXGroup section */
		4A6C7EE5206AC9206AB46697 /* Frameworks */ = {
			isa = PBXGroup;
			children = (
				54FAA512857700BE95701B4F /* Pods_Instagram.framework */,
			);
			name = Frameworks;
			sourceTree = "<group>";
		};
		4AF4065C316985CBDE880DC3 /* Pods */ = {
			isa = PBXGroup;
			children = (
				EF3F5532080D5A973CD5C8B7 /* Pods-Instagram.debug.xcconfig */,
				F954F4A9AE557443060D7CCF /* Pods-Instagram.release.xcconfig */,
			);
			name = Pods;
			sourceTree = "<group>";
		};
		A4C2E2F61E91382C001D9A4C = {
			isa = PBXGroup;
			children = (
				A4C2E3011E91382C001D9A4C /* Instagram */,
				A4C2E3001E91382C001D9A4C /* Products */,
				4AF4065C316985CBDE880DC3 /* Pods */,
				4A6C7EE5206AC9206AB46697 /* Frameworks */,
			);
			sourceTree = "<group>";
		};
		A4C2E3001E91382C001D9A4C /* Products */ = {
			isa = PBXGroup;
			children = (
				A4C2E2FF1E91382C001D9A4C /* Instagram.app */,
			);
			name = Products;
			sourceTree = "<group>";
		};
		A4C2E3011E91382C001D9A4C /* Instagram */ = {
			isa = PBXGroup;
			children = (
				A4585CC11E916BA9004A7171 /* Instagram.entitlements */,
				A4D8E3B61EB88F1800727331 /* RoundedImageVIew.swift */,
				A4C2E3021E91382C001D9A4C /* AppDelegate.swift */,
				A4C2E3041E91382C001D9A4C /* ViewController.swift */,
				A4C2E3061E91382C001D9A4C /* Main.storyboard */,
				A438BDA11EFDB0770038C3EF /* GoogleService-Info.plist */,
				A4C2E3091E91382C001D9A4C /* Assets.xcassets */,
				A4C2E30B1E91382C001D9A4C /* LaunchScreen.storyboard */,
				A4C2E30E1E91382C001D9A4C /* Info.plist */,
				A4585CBD1E915A0C004A7171 /* FancyView.swift */,
				A4585CBF1E915BAB004A7171 /* RoundedBtn.swift */,
				A4CB02591EA0AF620065E9B0 /* NewsFeed.swift */,
				A4CE33CD1EACBC9E009C48FC /* PostCell.swift */,
				A4AD9F401EB6F5710076D3C4 /* DataServices.swift */,
				A4AD9F421EB7142A0076D3C4 /* Posts.swift */,
				A4B1FAFF1ED8B7D500BFF3C2 /* ProfileVC.swift */,
			);
			path = Instagram;
			sourceTree = "<group>";
		};
/* End PBXGroup section */

/* Begin PBXNativeTarget section */
		A4C2E2FE1E91382C001D9A4C /* Instagram */ = {
			isa = PBXNativeTarget;
			buildConfigurationList = A4C2E3111E91382C001D9A4C /* Build configuration list for PBXNativeTarget "Instagram" */;
			buildPhases = (
				09F9D4677BF6E5F1477C8A54 /* [CP] Check Pods Manifest.lock */,
				A4C2E2FB1E91382C001D9A4C /* Sources */,
				A4C2E2FC1E91382C001D9A4C /* Frameworks */,
				A4C2E2FD1E91382C001D9A4C /* Resources */,
				4E94C644B1207A0209AA136D /* [CP] Embed Pods Frameworks */,
				B9319A9F16FD671094F1A949 /* [CP] Copy Pods Resources */,
			);
			buildRules = (
			);
			dependencies = (
			);
			name = Instagram;
			productName = Instagram;
			productReference = A4C2E2FF1E91382C001D9A4C /* Instagram.app */;
			productType = "com.apple.product-type.application";
		};
/* End PBXNativeTarget section */

/* Begin PBXProject section */
		A4C2E2F71E91382C001D9A4C /* Project object */ = {
			isa = PBXProject;
			attributes = {
				LastSwiftUpdateCheck = 0810;
				LastUpgradeCheck = 0830;
				ORGANIZATIONNAME = "PRIYESH ";
				TargetAttributes = {
					A4C2E2FE1E91382C001D9A4C = {
						CreatedOnToolsVersion = 8.1;
						DevelopmentTeam = 4CNB6XNDLH;
						ProvisioningStyle = Automatic;
						SystemCapabilities = {
							com.apple.Keychain = {
								enabled = 1;
							};
						};
					};
				};
			};
			buildConfigurationList = A4C2E2FA1E91382C001D9A4C /* Build configuration list for PBXProject "Instagram" */;
			compatibilityVersion = "Xcode 3.2";
			developmentRegion = English;
			hasScannedForEncodings = 0;
			knownRegions = (
				en,
				Base,
			);
			mainGroup = A4C2E2F61E91382C001D9A4C;
			productRefGroup = A4C2E3001E91382C001D9A4C /* Products */;
			projectDirPath = "";
			projectRoot = "";
			targets = (
				A4C2E2FE1E91382C001D9A4C /* Instagram */,
			);
		};
/* End PBXProject section */

/* Begin PBXResourcesBuildPhase section */
		A4C2E2FD1E91382C001D9A4C /* Resources */ = {
			isa = PBXResourcesBuildPhase;
			buildActionMask = 2147483647;
			files = (
				A4C2E30D1E91382C001D9A4C /* LaunchScreen.storyboard in Resources */,
				A438BDA21EFDB0770038C3EF /* GoogleService-Info.plist in Resources */,
				A4C2E30A1E91382C001D9A4C /* Assets.xcassets in Resources */,
				A4C2E3081E91382C001D9A4C /* Main.storyboard in Resources */,
			);
			runOnlyForDeploymentPostprocessing = 0;
		};
/* End PBXResourcesBuildPhase section */

/* Begin PBXShellScriptBuildPhase section */
		09F9D4677BF6E5F1477C8A54 /* [CP] Check Pods Manifest.lock */ = {
			isa = PBXShellScriptBuildPhase;
			buildActionMask = 2147483647;
			files = (
			);
			inputPaths = (
			);
			name = "[CP] Check Pods Manifest.lock";
			outputPaths = (
			);
			runOnlyForDeploymentPostprocessing = 0;
			shellPath = /bin/sh;
			shellScript = "diff \"${PODS_ROOT}/../Podfile.lock\" \"${PODS_ROOT}/Manifest.lock\" > /dev/null\nif [ $? != 0 ] ; then\n    # print error to STDERR\n    echo \"error: The sandbox is not in sync with the Podfile.lock. Run 'pod install' or update your CocoaPods installation.\" >&2\n    exit 1\nfi\n";
			showEnvVarsInLog = 0;
		};
		4E94C644B1207A0209AA136D /* [CP] Embed Pods Frameworks */ = {
			isa = PBXShellScriptBuildPhase;
			buildActionMask = 2147483647;
			files = (
			);
			inputPaths = (
			);
			name = "[CP] Embed Pods Frameworks";
			outputPaths = (
			);
			runOnlyForDeploymentPostprocessing = 0;
			shellPath = /bin/sh;
			shellScript = "\"${SRCROOT}/Pods/Target Support Files/Pods-Instagram/Pods-Instagram-frameworks.sh\"\n";
			showEnvVarsInLog = 0;
		};
		B9319A9F16FD671094F1A949 /* [CP] Copy Pods Resources */ = {
			isa = PBXShellScriptBuildPhase;
			buildActionMask = 2147483647;
			files = (
			);
			inputPaths = (
			);
			name = "[CP] Copy Pods Resources";
			outputPaths = (
			);
			runOnlyForDeploymentPostprocessing = 0;
			shellPath = /bin/sh;
			shellScript = "\"${SRCROOT}/Pods/Target Support Files/Pods-Instagram/Pods-Instagram-resources.sh\"\n";
			showEnvVarsInLog = 0;
		};
/* End PBXShellScriptBuildPhase section */

/* Begin PBXSourcesBuildPhase section */
		A4C2E2FB1E91382C001D9A4C /* Sources */ = {
			isa = PBXSourcesBuildPhase;
			buildActionMask = 2147483647;
			files = (
				A4B1FB001ED8B7D500BFF3C2 /* ProfileVC.swift in Sources */,
				A4585CC01E915BAB004A7171 /* RoundedBtn.swift in Sources */,
				A4AD9F411EB6F5710076D3C4 /* DataServices.swift in Sources */,
				A4C2E3051E91382C001D9A4C /* ViewController.swift in Sources */,
				A4C2E3031E91382C001D9A4C /* AppDelegate.swift in Sources */,
				A4CB025A1EA0AF620065E9B0 /* NewsFeed.swift in Sources */,
				A4D8E3B71EB88F1800727331 /* RoundedImageVIew.swift in Sources */,
				A4585CBE1E915A0C004A7171 /* FancyView.swift in Sources */,
				A4CE33CE1EACBC9E009C48FC /* PostCell.swift in Sources */,
				A4AD9F431EB7142A0076D3C4 /* Posts.swift in Sources */,
			);
			runOnlyForDeploymentPostprocessing = 0;
		};
/* End PBXSourcesBuildPhase section */

/* Begin PBXVariantGroup section */
		A4C2E3061E91382C001D9A4C /* Main.storyboard */ = {
			isa = PBXVariantGroup;
			children = (
				A4C2E3071E91382C001D9A4C /* Base */,
			);
			name = Main.storyboard;
			sourceTree = "<group>";
		};
		A4C2E30B1E91382C001D9A4C /* LaunchScreen.storyboard */ = {
			isa = PBXVariantGroup;
			children = (
				A4C2E30C1E91382C001D9A4C /* Base */,
			);
			name = LaunchScreen.storyboard;
			sourceTree = "<group>";
		};
/* End PBXVariantGroup section */

/* Begin XCBuildConfiguration section */
		A4C2E30F1E91382C001D9A4C /* Debug */ = {
			isa = XCBuildConfiguration;
			buildSettings = {
				ALWAYS_SEARCH_USER_PATHS = NO;
				CLANG_ANALYZER_NONNULL = YES;
				CLANG_CXX_LANGUAGE_STANDARD = "gnu++0x";
				CLANG_CXX_LIBRARY = "libc++";
				CLANG_ENABLE_MODULES = YES;
				CLANG_ENABLE_OBJC_ARC = YES;
				CLANG_WARN_BOOL_CONVERSION = YES;
				CLANG_WARN_CONSTANT_CONVERSION = YES;
				CLANG_WARN_DIRECT_OBJC_ISA_USAGE = YES_ERROR;
				CLANG_WARN_DOCUMENTATION_COMMENTS = YES;
				CLANG_WARN_EMPTY_BODY = YES;
				CLANG_WARN_ENUM_CONVERSION = YES;
				CLANG_WARN_INFINITE_RECURSION = YES;
				CLANG_WARN_INT_CONVERSION = YES;
				CLANG_WARN_OBJC_ROOT_CLASS = YES_ERROR;
				CLANG_WARN_SUSPICIOUS_MOVE = YES;
				CLANG_WARN_SUSPICIOUS_MOVES = YES;
				CLANG_WARN_UNREACHABLE_CODE = YES;
				CLANG_WARN__DUPLICATE_METHOD_MATCH = YES;
				"CODE_SIGN_IDENTITY[sdk=iphoneos*]" = "iPhone Developer";
				COPY_PHASE_STRIP = NO;
				DEBUG_INFORMATION_FORMAT = dwarf;
				ENABLE_STRICT_OBJC_MSGSEND = YES;
				ENABLE_TESTABILITY = YES;
				GCC_C_LANGUAGE_STANDARD = gnu99;
				GCC_DYNAMIC_NO_PIC = NO;
				GCC_NO_COMMON_BLOCKS = YES;
				GCC_OPTIMIZATION_LEVEL = 0;
				GCC_PREPROCESSOR_DEFINITIONS = (
					"DEBUG=1",
					"$(inherited)",
				);
				GCC_WARN_64_TO_32_BIT_CONVERSION = YES;
				GCC_WARN_ABOUT_RETURN_TYPE = YES_ERROR;
				GCC_WARN_UNDECLARED_SELECTOR = YES;
				GCC_WARN_UNINITIALIZED_AUTOS = YES_AGGRESSIVE;
				GCC_WARN_UNUSED_FUNCTION = YES;
				GCC_WARN_UNUSED_VARIABLE = YES;
				IPHONEOS_DEPLOYMENT_TARGET = 10.3;
				MTL_ENABLE_DEBUG_INFO = YES;
				ONLY_ACTIVE_ARCH = YES;
				SDKROOT = iphoneos;
				SWIFT_ACTIVE_COMPILATION_CONDITIONS = DEBUG;
				SWIFT_OPTIMIZATION_LEVEL = "-Onone";
				TARGETED_DEVICE_FAMILY = "1,2";
			};
			name = Debug;
		};
		A4C2E3101E91382C001D9A4C /* Release */ = {
			isa = XCBuildConfiguration;
			buildSettings = {
				ALWAYS_SEARCH_USER_PATHS = NO;
				CLANG_ANALYZER_NONNULL = YES;
				CLANG_CXX_LANGUAGE_STANDARD = "gnu++0x";
				CLANG_CXX_LIBRARY = "libc++";
				CLANG_ENABLE_MODULES = YES;
				CLANG_ENABLE_OBJC_ARC = YES;
				CLANG_WARN_BOOL_CONVERSION = YES;
				CLANG_WARN_CONSTANT_CONVERSION = YES;
				CLANG_WARN_DIRECT_OBJC_ISA_USAGE = YES_ERROR;
				CLANG_WARN_DOCUMENTATION_COMMENTS = YES;
				CLANG_WARN_EMPTY_BODY = YES;
				CLANG_WARN_ENUM_CONVERSION = YES;
				CLANG_WARN_INFINITE_RECURSION = YES;
				CLANG_WARN_INT_CONVERSION = YES;
				CLANG_WARN_OBJC_ROOT_CLASS = YES_ERROR;
				CLANG_WARN_SUSPICIOUS_MOVE = YES;
				CLANG_WARN_SUSPICIOUS_MOVES = YES;
				CLANG_WARN_UNREACHABLE_CODE = YES;
				CLANG_WARN__DUPLICATE_METHOD_MATCH = YES;
				"CODE_SIGN_IDENTITY[sdk=iphoneos*]" = "iPhone Developer";
				COPY_PHASE_STRIP = NO;
				DEBUG_INFORMATION_FORMAT = "dwarf-with-dsym";
				ENABLE_NS_ASSERTIONS = NO;
				ENABLE_STRICT_OBJC_MSGSEND = YES;
				GCC_C_LANGUAGE_STANDARD = gnu99;
				GCC_NO_COMMON_BLOCKS = YES;
				GCC_WARN_64_TO_32_BIT_CONVERSION = YES;
				GCC_WARN_ABOUT_RETURN_TYPE = YES_ERROR;
				GCC_WARN_UNDECLARED_SELECTOR = YES;
				GCC_WARN_UNINITIALIZED_AUTOS = YES_AGGRESSIVE;
				GCC_WARN_UNUSED_FUNCTION = YES;
				GCC_WARN_UNUSED_VARIABLE = YES;
				IPHONEOS_DEPLOYMENT_TARGET = 10.3;
				MTL_ENABLE_DEBUG_INFO = NO;
				SDKROOT = iphoneos;
				SWIFT_OPTIMIZATION_LEVEL = "-Owholemodule";
				TARGETED_DEVICE_FAMILY = "1,2";
				VALIDATE_PRODUCT = YES;
			};
			name = Release;
		};
		A4C2E3121E91382C001D9A4C /* Debug */ = {
			isa = XCBuildConfiguration;
			baseConfigurationReference = EF3F5532080D5A973CD5C8B7 /* Pods-Instagram.debug.xcconfig */;
			buildSettings = {
				ASSETCATALOG_COMPILER_APPICON_NAME = AppIcon;
				CODE_SIGN_ENTITLEMENTS = Instagram/Instagram.entitlements;
				DEVELOPMENT_TEAM = 4CNB6XNDLH;
				INFOPLIST_FILE = Instagram/Info.plist;
				IPHONEOS_DEPLOYMENT_TARGET = 10.3;
				LD_RUNPATH_SEARCH_PATHS = "$(inherited) @executable_path/Frameworks";
				PRODUCT_BUNDLE_IDENTIFIER = com.1224.Instagram;
				PRODUCT_NAME = "$(TARGET_NAME)";
				SWIFT_VERSION = 3.0;
			};
			name = Debug;
		};
		A4C2E3131E91382C001D9A4C /* Release */ = {
			isa = XCBuildConfiguration;
			baseConfigurationReference = F954F4A9AE557443060D7CCF /* Pods-Instagram.release.xcconfig */;
			buildSettings = {
				ASSETCATALOG_COMPILER_APPICON_NAME = AppIcon;
				CODE_SIGN_ENTITLEMENTS = Instagram/Instagram.entitlements;
				DEVELOPMENT_TEAM = 4CNB6XNDLH;
				INFOPLIST_FILE = Instagram/Info.plist;
				IPHONEOS_DEPLOYMENT_TARGET = 10.3;
				LD_RUNPATH_SEARCH_PATHS = "$(inherited) @executable_path/Frameworks";
				PRODUCT_BUNDLE_IDENTIFIER = com.1224.Instagram;
				PRODUCT_NAME = "$(TARGET_NAME)";
				SWIFT_VERSION = 3.0;
			};
			name = Release;
		};
/* End XCBuildConfiguration section */

/* Begin XCConfigurationList section */
		A4C2E2FA1E91382C001D9A4C /* Build configuration list for PBXProject "Instagram" */ = {
			isa = XCConfigurationList;
			buildConfigurations = (
				A4C2E30F1E91382C001D9A4C /* Debug */,
				A4C2E3101E91382C001D9A4C /* Release */,
			);
			defaultConfigurationIsVisible = 0;
			defaultConfigurationName = Release;
		};
		A4C2E3111E91382C001D9A4C /* Build configuration list for PBXNativeTarget "Instagram" */ = {
			isa = XCConfigurationList;
			buildConfigurations = (
				A4C2E3121E91382C001D9A4C /* Debug */,
				A4C2E3131E91382C001D9A4C /* Release */,
			);
			defaultConfigurationIsVisible = 0;
			defaultConfigurationName = Release;
		};
/* End XCConfigurationList section */
	};
	rootObject = A4C2E2F71E91382C001D9A4C /* Project object */;
}
